{
  "name": "meercall-cli",
  "version": "1.0.0",
  "lockfileVersion": 1,
  "requires": true,
  "dependencies": {
    "commander": {
      "version": "4.0.1",
      "resolved": "https://registry.npmjs.org/commander/-/commander-4.0.1.tgz",
      "integrity": "sha512-IPF4ouhCP+qdlcmCedhxX4xiGBPyigb8v5NeUp+0LyhwLgxMqyp3S0vl7TAPfS/hiP7FC3caI/PB9lTmP8r1NA=="
    },
    "jsontoxml": {
      "version": "1.0.1",
      "resolved": "https://registry.npmjs.org/jsontoxml/-/jsontoxml-1.0.1.tgz",
      "integrity": "sha512-dtKGq0K8EWQBRqcAaePSgKR4Hyjfsz/LkurHSV3Cxk4H+h2fWDeaN2jzABz+ZmOJylgXS7FGeWmbZ6jgYUMdJQ=="
    },
    "node-fetch": {
      "version": "2.6.1",
      "resolved": "https://registry.npmjs.org/node-fetch/-/node-fetch-2.6.1.tgz",
      "integrity": "sha512-V4aYg89jEoVRxRb2fJdAg8FHvI7cEyYdVAh94HH0UIK8oJxUfkjlDQN9RbMx+bEjP7+ggMiFRprSti032Oipxw=="
    }
  }
}
